hash: 542ca047eea19359d98db60b4814eb8d937293d24b8f90fb4d45fd5278f9c72a
updated: 2017-01-11T12:39:21.096815312-08:00
imports:
- name: github.com/aws/aws-sdk-go
  version: f28e73d4791500a90d49190e0a01b769748cc2a8
  subpackages:
  - aws
  - aws/awserr
  - aws/awsutil
  - aws/corehandlers
  - aws/credentials
  - aws/credentials/ec2rolecreds
  - aws/defaults
  - aws/ec2metadata
  - aws/request
  - aws/service
  - aws/service/serviceinfo
  - internal/endpoints
  - internal/protocol/json/jsonutil
  - internal/protocol/jsonrpc
  - internal/protocol/query
  - internal/protocol/rest
  - internal/protocol/xml/xmlutil
  - internal/signer/v4
  - service/dynamodb
  - service/sts
- name: github.com/dfuentes/ddbsync
  version: f13fbebcc65afb971c7adcd7731d18ae9b3a6990
  subpackages:
  - models
- name: github.com/vaughan0/go-ini
  version: a98ad7ee00ec53921f08832bc06ecf7fd600e6a1
- name: github.com/willf/bitset
  version: 5c3c0fce48842b2c0bbaa99b4e61b0175d84b47c
testImports: []
