# This file is autogenerated, do not edit; changes may be undone by the next 'dep ensure'.


[[projects]]
  branch = "master"
  name = "github.com/Clever/unique-port"
  packages = ["dynamodb"]
  revision = "955eca52c7ca41f80a596b66b2b667cfebb8c61e"

[[projects]]
  name = "github.com/aws/aws-sdk-go"
  packages = [
    "aws",
    "aws/awserr",
    "aws/awsutil",
    "aws/client",
    "aws/client/metadata",
    "aws/credentials",
    "aws/endpoints",
    "aws/request",
    "aws/signer/v4",
    "internal/sdkrand",
    "internal/shareddefaults",
    "private/protocol",
    "private/protocol/json/jsonutil",
    "private/protocol/jsonrpc",
    "private/protocol/rest",
    "service/dynamodb"
  ]
  revision = "63324a33d7e42a386c04d4daec764a3de243492e"
  version = "v1.13.0"

[[projects]]
  branch = "master"
  name = "github.com/dfuentes/ddbsync"
  packages = [
    ".",
    "models"
  ]
  revision = "f13fbebcc65afb971c7adcd7731d18ae9b3a6990"

[[projects]]
  name = "github.com/go-ini/ini"
  packages = ["."]
  revision = "32e4c1e6bc4e7d0d8451aa6b75200d19e37a536a"
  version = "v1.32.0"

[[projects]]
  name = "github.com/jmespath/go-jmespath"
  packages = ["."]
  revision = "0b12d6b5"

[[projects]]
  name = "github.com/willf/bitset"
  packages = ["."]
  revision = "5c3c0fce48842b2c0bbaa99b4e61b0175d84b47c"

[solve-meta]
  analyzer-name = "dep"
  analyzer-version = 1
  inputs-digest = "7814e50b065ed51df1eebe69a9ca0039428f60d813efcef27de638fdb68cd7b3"
  solver-name = "gps-cdcl"
  solver-version = 1
